// !$*UTF8*$!
{
	archiveVersion = 1;
	classes = {
	};
	objectVersion = 46;
	objects = {

/* Begin PBXBuildFile section */
		1B1C79784D2F4ECFDD14DD00 /* Pods_Tumblr_Feed.framework in Frameworks */ = {isa = PBXBuildFile; fileRef = 8C0043FFBE287819BF336E6D /* Pods_Tumblr_Feed.framework */; };
		8E279F8D1E4260D900E63B5A /* Main.storyboard in Resources */ = {isa = PBXBuildFile; fileRef = 8E279F8B1E4260D900E63B5A /* Main.storyboard */; };
		8E279F8F1E4260D900E63B5A /* Assets.xcassets in Resources */ = {isa = PBXBuildFile; fileRef = 8E279F8E1E4260D900E63B5A /* Assets.xcassets */; };
		8E279F921E4260D900E63B5A /* LaunchScreen.storyboard in Resources */ = {isa = PBXBuildFile; fileRef = 8E279F901E4260D900E63B5A /* LaunchScreen.storyboard */; };
		8E279F9A1E42623900E63B5A /* PhotosViewController.swift in Sources */ = {isa = PBXBuildFile; fileRef = 8E279F991E42623900E63B5A /* PhotosViewController.swift */; };
		8E279F9E1E426D8600E63B5A /* PhotoCell.swift in Sources */ = {isa = PBXBuildFile; fileRef = 8E279F9D1E426D8600E63B5A /* PhotoCell.swift */; };
		8E279FA01E4275A200E63B5A /* AppDelegate.swift in Sources */ = {isa = PBXBuildFile; fileRef = 8E279F9F1E4275A200E63B5A /* AppDelegate.swift */; };
/* End PBXBuildFile section */

/* Begin PBXFileReference section */
		396F81A2CFE91798CEC32BD6 /* Pods-Tumblr Feed.debug.xcconfig */ = {isa = PBXFileReference; includeInIndex = 1; lastKnownFileType = text.xcconfig; name = "Pods-Tumblr Feed.debug.xcconfig"; path = "Pods/Target Support Files/Pods-Tumblr Feed/Pods-Tumblr Feed.debug.xcconfig"; sourceTree = "<group>"; };
		8C0043FFBE287819BF336E6D /* Pods_Tumblr_Feed.framework */ = {isa = PBXFileReference; explicitFileType = wrapper.framework; includeInIndex = 0; path = Pods_Tumblr_Feed.framework; sourceTree = BUILT_PRODUCTS_DIR; };
		8E279F841E4260D900E63B5A /* Tumblr Feed.app */ = {isa = PBXFileReference; explicitFileType = wrapper.application; includeInIndex = 0; path = "Tumblr Feed.app"; sourceTree = BUILT_PRODUCTS_DIR; };
		8E279F8C1E4260D900E63B5A /* Base */ = {isa = PBXFileReference; lastKnownFileType = file.storyboard; name = Base; path = Base.lproj/Main.storyboard; sourceTree = "<group>"; };
		8E279F8E1E4260D900E63B5A /* Assets.xcassets */ = {isa = PBXFileReference; lastKnownFileType = folder.assetcatalog; path = Assets.xcassets; sourceTree = "<group>"; };
		8E279F911E4260D900E63B5A /* Base */ = {isa = PBXFileReference; lastKnownFileType = file.storyboard; name = Base; path = Base.lproj/LaunchScreen.storyboard; sourceTree = "<group>"; };
		8E279F931E4260D900E63B5A /* Info.plist */ = {isa = PBXFileReference; lastKnownFileType = text.plist.xml; path = Info.plist; sourceTree = "<group>"; };
		8E279F991E42623900E63B5A /* PhotosViewController.swift */ = {isa = PBXFileReference; fileEncoding = 4; lastKnownFileType = sourcecode.swift; path = PhotosViewController.swift; sourceTree = "<group>"; };
		8E279F9D1E426D8600E63B5A /* PhotoCell.swift */ = {isa = PBXFileReference; fileEncoding = 4; lastKnownFileType = sourcecode.swift; path = PhotoCell.swift; sourceTree = "<group>"; };
		8E279F9F1E4275A200E63B5A /* AppDelegate.swift */ = {isa = PBXFileReference; fileEncoding = 4; lastKnownFileType = sourcecode.swift; path = AppDelegate.swift; sourceTree = "<group>"; };
		9B6F233523DEDE5AF4D7003B /* Pods-Tumblr Feed.release.xcconfig */ = {isa = PBXFileReference; includeInIndex = 1; lastKnownFileType = text.xcconfig; name = "Pods-Tumblr Feed.release.xcconfig"; path = "Pods/Target Support Files/Pods-Tumblr Feed/Pods-Tumblr Feed.release.xcconfig"; sourceTree = "<group>"; };
/* End PBXFileReference section */

/* Begin PBXFrameworksBuildPhase section */
		8E279F811E4260D800E63B5A /* Frameworks */ = {
			isa = PBXFrameworksBuildPhase;
			buildActionMask = 2147483647;
			files = (
				1B1C79784D2F4ECFDD14DD00 /* Pods_Tumblr_Feed.framework in Frameworks */,
			);
			runOnlyForDeploymentPostprocessing = 0;
		};
/* End PBXFrameworksBuildPhase section */

/* Begin PBXGroup section */
		532A9DA9F0CC3E10487FC8D2 /* Pods */ = {
			isa = PBXGroup;
			children = (
				396F81A2CFE91798CEC32BD6 /* Pods-Tumblr Feed.debug.xcconfig */,
				9B6F233523DEDE5AF4D7003B /* Pods-Tumblr Feed.release.xcconfig */,
			);
			name = Pods;
			sourceTree = "<group>";
		};
		54ECDC87BEEDCDFAA588B6CA /* Frameworks */ = {
			isa = PBXGroup;
			children = (
				8C0043FFBE287819BF336E6D /* Pods_Tumblr_Feed.framework */,
			);
			name = Frameworks;
			sourceTree = "<group>";
		};
		8E279F7B1E4260D800E63B5A = {
			isa = PBXGroup;
			children = (
				8E279F861E4260D900E63B5A /* Tumblr Feed */,
				8E279F851E4260D900E63B5A /* Products */,
				532A9DA9F0CC3E10487FC8D2 /* Pods */,
				54ECDC87BEEDCDFAA588B6CA /* Frameworks */,
			);
			sourceTree = "<group>";
		};
		8E279F851E4260D900E63B5A /* Products */ = {
			isa = PBXGroup;
			children = (
				8E279F841E4260D900E63B5A /* Tumblr Feed.app */,
			);
			name = Products;
			sourceTree = "<group>";
		};
		8E279F861E4260D900E63B5A /* Tumblr Feed */ = {
			isa = PBXGroup;
			children = (
				8E279F9F1E4275A200E63B5A /* AppDelegate.swift */,
				8E279F8B1E4260D900E63B5A /* Main.storyboard */,
				8E279F9D1E426D8600E63B5A /* PhotoCell.swift */,
				8E279F8E1E4260D900E63B5A /* Assets.xcassets */,
				8E279F901E4260D900E63B5A /* LaunchScreen.storyboard */,
				8E279F931E4260D900E63B5A /* Info.plist */,
				8E279F991E42623900E63B5A /* PhotosViewController.swift */,
			);
			path = "Tumblr Feed";
			sourceTree = "<group>";
		};
/* End PBXGroup section */

/* Begin PBXNativeTarget section */
		8E279F831E4260D800E63B5A /* Tumblr Feed */ = {
			isa = PBXNativeTarget;
			buildConfigurationList = 8E279F961E4260D900E63B5A /* Build configuration list for PBXNativeTarget "Tumblr Feed" */;
			buildPhases = (
				3168939BEEDFDCBE3F28B164 /* [CP] Check Pods Manifest.lock */,
				8E279F801E4260D800E63B5A /* Sources */,
				8E279F811E4260D800E63B5A /* Frameworks */,
				8E279F821E4260D800E63B5A /* Resources */,
				83BEF6FE61A735873CE51AE8 /* [CP] Embed Pods Frameworks */,
				4FC399CF5A69EEF58564DA10 /* [CP] Copy Pods Resources */,
			);
			buildRules = (
			);
			dependencies = (
			);
			name = "Tumblr Feed";
			productName = "Tumblr Feed";
			productReference = 8E279F841E4260D900E63B5A /* Tumblr Feed.app */;
			productType = "com.apple.product-type.application";
		};
/* End PBXNativeTarget section */

/* Begin PBXProject section */
		8E279F7C1E4260D800E63B5A /* Project object */ = {
			isa = PBXProject;
			attributes = {
				LastSwiftUpdateCheck = 0820;
				LastUpgradeCheck = 0820;
				ORGANIZATIONNAME = "Kuan-Ting Wu (Arthur Wu)";
				TargetAttributes = {
					8E279F831E4260D800E63B5A = {
						CreatedOnToolsVersion = 8.2.1;
						DevelopmentTeam = DKCXNRA86D;
						ProvisioningStyle = Automatic;
					};
				};
			};
			buildConfigurationList = 8E279F7F1E4260D800E63B5A /* Build configuration list for PBXProject "Tumblr Feed" */;
			compatibilityVersion = "Xcode 3.2";
			developmentRegion = English;
			hasScannedForEncodings = 0;
			knownRegions = (
				en,
				Base,
			);
			mainGroup = 8E279F7B1E4260D800E63B5A;
			productRefGroup = 8E279F851E4260D900E63B5A /* Products */;
			projectDirPath = "";
			projectRoot = "";
			targets = (
				8E279F831E4260D800E63B5A /* Tumblr Feed */,
			);
		};
/* End PBXProject section */

/* Begin PBXResourcesBuildPhase section */
		8E279F821E4260D800E63B5A /* Resources */ = {
			isa = PBXResourcesBuildPhase;
			buildActionMask = 2147483647;
			files = (
				8E279F921E4260D900E63B5A /* LaunchScreen.storyboard in Resources */,
				8E279F8F1E4260D900E63B5A /* Assets.xcassets in Resources */,
				8E279F8D1E4260D900E63B5A /* Main.storyboard in Resources */,
			);
			runOnlyForDeploymentPostprocessing = 0;
		};
/* End PBXResourcesBuildPhase section */

/* Begin PBXShellScriptBuildPhase section */
		3168939BEEDFDCBE3F28B164 /* [CP] Check Pods Manifest.lock */ = {
			isa = PBXShellScriptBuildPhase;
			buildActionMask = 2147483647;
			files = (
			);
			inputPaths = (
			);
			name = "[CP] Check Pods Manifest.lock";
			outputPaths = (
			);
			runOnlyForDeploymentPostprocessing = 0;
			shellPath = /bin/sh;
			shellScript = "diff \"${PODS_ROOT}/../Podfile.lock\" \"${PODS_ROOT}/Manifest.lock\" > /dev/null\nif [ $? != 0 ] ; then\n    # print error to STDERR\n    echo \"error: The sandbox is not in sync with the Podfile.lock. Run 'pod install' or update your CocoaPods installation.\" >&2\n    exit 1\nfi\n";
			showEnvVarsInLog = 0;
		};
		4FC399CF5A69EEF58564DA10 /* [CP] Copy Pods Resources */ = {
			isa = PBXShellScriptBuildPhase;
			buildActionMask = 2147483647;
			files = (
			);
			inputPaths = (
			);
			name = "[CP] Copy Pods Resources";
			outputPaths = (
			);
			runOnlyForDeploymentPostprocessing = 0;
			shellPath = /bin/sh;
			shellScript = "\"${SRCROOT}/Pods/Target Support Files/Pods-Tumblr Feed/Pods-Tumblr Feed-resources.sh\"\n";
			showEnvVarsInLog = 0;
		};
		83BEF6FE61A735873CE51AE8 /* [CP] Embed Pods Frameworks */ = {
			isa = PBXShellScriptBuildPhase;
			buildActionMask = 2147483647;
			files = (
			);
			inputPaths = (
			);
			name = "[CP] Embed Pods Frameworks";
			outputPaths = (
			);
			runOnlyForDeploymentPostprocessing = 0;
			shellPath = /bin/sh;
			shellScript = "\"${SRCROOT}/Pods/Target Support Files/Pods-Tumblr Feed/Pods-Tumblr Feed-frameworks.sh\"\n";
			showEnvVarsInLog = 0;
		};
/* End PBXShellScriptBuildPhase section */

/* Begin PBXSourcesBuildPhase section */
		8E279F801E4260D800E63B5A /* Sources */ = {
			isa = PBXSourcesBuildPhase;
			buildActionMask = 2147483647;
			files = (
				8E279FA01E4275A200E63B5A /* AppDelegate.swift in Sources */,
				8E279F9E1E426D8600E63B5A /* PhotoCell.swift in Sources */,
				8E279F9A1E42623900E63B5A /* PhotosViewController.swift in Sources */,
			);
			runOnlyForDeploymentPostprocessing = 0;
		};
/* End PBXSourcesBuildPhase section */

/* Begin PBXVariantGroup section */
		8E279F8B1E4260D900E63B5A /* Main.storyboard */ = {
			isa = PBXVariantGroup;
			children = (
				8E279F8C1E4260D900E63B5A /* Base */,
			);
			name = Main.storyboard;
			sourceTree = "<group>";
		};
		8E279F901E4260D900E63B5A /* LaunchScreen.storyboard */ = {
			isa = PBXVariantGroup;
			children = (
				8E279F911E4260D900E63B5A /* Base */,
			);
			name = LaunchScreen.storyboard;
			sourceTree = "<group>";
		};
/* End PBXVariantGroup section */

/* Begin XCBuildConfiguration section */
		8E279F941E4260D900E63B5A /* Debug */ = {
			isa = XCBuildConfiguration;
			buildSettings = {
				ALWAYS_SEARCH_USER_PATHS = NO;
				CLANG_ANALYZER_NONNULL = YES;
				CLANG_CXX_LANGUAGE_STANDARD = "gnu++0x";
				CLANG_CXX_LIBRARY = "libc++";
				CLANG_ENABLE_MODULES = YES;
				CLANG_ENABLE_OBJC_ARC = YES;
				CLANG_WARN_BOOL_CONVERSION = YES;
				CLANG_WARN_CONSTANT_CONVERSION = YES;
				CLANG_WARN_DIRECT_OBJC_ISA_USAGE = YES_ERROR;
				CLANG_WARN_DOCUMENTATION_COMMENTS = YES;
				CLANG_WARN_EMPTY_BODY = YES;
				CLANG_WARN_ENUM_CONVERSION = YES;
				CLANG_WARN_INFINITE_RECURSION = YES;
				CLANG_WARN_INT_CONVERSION = YES;
				CLANG_WARN_OBJC_ROOT_CLASS = YES_ERROR;
				CLANG_WARN_SUSPICIOUS_MOVE = YES;
				CLANG_WARN_UNREACHABLE_CODE = YES;
				CLANG_WARN__DUPLICATE_METHOD_MATCH = YES;
				"CODE_SIGN_IDENTITY[sdk=iphoneos*]" = "iPhone Developer";
				COPY_PHASE_STRIP = NO;
				DEBUG_INFORMATION_FORMAT = dwarf;
				ENABLE_STRICT_OBJC_MSGSEND = YES;
				ENABLE_TESTABILITY = YES;
				GCC_C_LANGUAGE_STANDARD = gnu99;
				GCC_DYNAMIC_NO_PIC = NO;
				GCC_NO_COMMON_BLOCKS = YES;
				GCC_OPTIMIZATION_LEVEL = 0;
				GCC_PREPROCESSOR_DEFINITIONS = (
					"DEBUG=1",
					"$(inherited)",
				);
				GCC_WARN_64_TO_32_BIT_CONVERSION = YES;
				GCC_WARN_ABOUT_RETURN_TYPE = YES_ERROR;
				GCC_WARN_UNDECLARED_SELECTOR = YES;
				GCC_WARN_UNINITIALIZED_AUTOS = YES_AGGRESSIVE;
				GCC_WARN_UNUSED_FUNCTION = YES;
				GCC_WARN_UNUSED_VARIABLE = YES;
				IPHONEOS_DEPLOYMENT_TARGET = 10.2;
				MTL_ENABLE_DEBUG_INFO = YES;
				ONLY_ACTIVE_ARCH = YES;
				SDKROOT = iphoneos;
				SWIFT_ACTIVE_COMPILATION_CONDITIONS = DEBUG;
				SWIFT_OPTIMIZATION_LEVEL = "-Onone";
			};
			name = Debug;
		};
		8E279F951E4260D900E63B5A /* Release */ = {
			isa = XCBuildConfiguration;
			buildSettings = {
				ALWAYS_SEARCH_USER_PATHS = NO;
				CLANG_ANALYZER_NONNULL = YES;
				CLANG_CXX_LANGUAGE_STANDARD = "gnu++0x";
				CLANG_CXX_LIBRARY = "libc++";
				CLANG_ENABLE_MODULES = YES;
				CLANG_ENABLE_OBJC_ARC = YES;
				CLANG_WARN_BOOL_CONVERSION = YES;
				CLANG_WARN_CONSTANT_CONVERSION = YES;
				CLANG_WARN_DIRECT_OBJC_ISA_USAGE = YES_ERROR;
				CLANG_WARN_DOCUMENTATION_COMMENTS = YES;
				CLANG_WARN_EMPTY_BODY = YES;
				CLANG_WARN_ENUM_CONVERSION = YES;
				CLANG_WARN_INFINITE_RECURSION = YES;
				CLANG_WARN_INT_CONVERSION = YES;
				CLANG_WARN_OBJC_ROOT_CLASS = YES_ERROR;
				CLANG_WARN_SUSPICIOUS_MOVE = YES;
				CLANG_WARN_UNREACHABLE_CODE = YES;
				CLANG_WARN__DUPLICATE_METHOD_MATCH = YES;
				"CODE_SIGN_IDENTITY[sdk=iphoneos*]" = "iPhone Developer";
				COPY_PHASE_STRIP = NO;
				DEBUG_INFORMATION_FORMAT = "dwarf-with-dsym";
				ENABLE_NS_ASSERTIONS = NO;
				ENABLE_STRICT_OBJC_MSGSEND = YES;
				GCC_C_LANGUAGE_STANDARD = gnu99;
				GCC_NO_COMMON_BLOCKS = YES;
				GCC_WARN_64_TO_32_BIT_CONVERSION = YES;
				GCC_WARN_ABOUT_RETURN_TYPE = YES_ERROR;
				GCC_WARN_UNDECLARED_SELECTOR = YES;
				GCC_WARN_UNINITIALIZED_AUTOS = YES_AGGRESSIVE;
				GCC_WARN_UNUSED_FUNCTION = YES;
				GCC_WARN_UNUSED_VARIABLE = YES;
				IPHONEOS_DEPLOYMENT_TARGET = 10.2;
				MTL_ENABLE_DEBUG_INFO = NO;
				SDKROOT = iphoneos;
				SWIFT_OPTIMIZATION_LEVEL = "-Owholemodule";
				VALIDATE_PRODUCT = YES;
			};
			name = Release;
		};
		8E279F971E4260D900E63B5A /* Debug */ = {
			isa = XCBuildConfiguration;
			baseConfigurationReference = 396F81A2CFE91798CEC32BD6 /* Pods-Tumblr Feed.debug.xcconfig */;
			buildSettings = {
				ASSETCATALOG_COMPILER_APPICON_NAME = AppIcon;
				DEVELOPMENT_TEAM = DKCXNRA86D;
				INFOPLIST_FILE = "Tumblr Feed/Info.plist";
				IPHONEOS_DEPLOYMENT_TARGET = 9.0;
				LD_RUNPATH_SEARCH_PATHS = "$(inherited) @executable_path/Frameworks";
				PRODUCT_BUNDLE_IDENTIFIER = "Kuan-Ting-Wu--Arthur-Wu-.Tumblr-Feed";
				PRODUCT_NAME = "$(TARGET_NAME)";
				SWIFT_VERSION = 3.0;
			};
			name = Debug;
		};
		8E279F981E4260D900E63B5A /* Release */ = {
			isa = XCBuildConfiguration;
			baseConfigurationReference = 9B6F233523DEDE5AF4D7003B /* Pods-Tumblr Feed.release.xcconfig */;
			buildSettings = {
				ASSETCATALOG_COMPILER_APPICON_NAME = AppIcon;
				DEVELOPMENT_TEAM = DKCXNRA86D;
				INFOPLIST_FILE = "Tumblr Feed/Info.plist";
				IPHONEOS_DEPLOYMENT_TARGET = 9.0;
				LD_RUNPATH_SEARCH_PATHS = "$(inherited) @executable_path/Frameworks";
				PRODUCT_BUNDLE_IDENTIFIER = "Kuan-Ting-Wu--Arthur-Wu-.Tumblr-Feed";
				PRODUCT_NAME = "$(TARGET_NAME)";
				SWIFT_VERSION = 3.0;
			};
			name = Release;
		};
/* End XCBuildConfiguration section */

/* Begin XCConfigurationList section */
		8E279F7F1E4260D800E63B5A /* Build configuration list for PBXProject "Tumblr Feed" */ = {
			isa = XCConfigurationList;
			buildConfigurations = (
				8E279F941E4260D900E63B5A /* Debug */,
				8E279F951E4260D900E63B5A /* Release */,
			);
			defaultConfigurationIsVisible = 0;
			defaultConfigurationName = Release;
		};
		8E279F961E4260D900E63B5A /* Build configuration list for PBXNativeTarget "Tumblr Feed" */ = {
			isa = XCConfigurationList;
			buildConfigurations = (
				8E279F971E4260D900E63B5A /* Debug */,
				8E279F981E4260D900E63B5A /* Release */,
			);
			defaultConfigurationIsVisible = 0;
			defaultConfigurationName = Release;
		};
/* End XCConfigurationList section */
	};
	rootObject = 8E279F7C1E4260D800E63B5A /* Project object */;
}
